{
  "name": "kschema-fs-api-gen-actions",
  "version": "1.7.13",
  "lockfileVersion": 3,
  "requires": true,
  "packages": {
    "": {
      "name": "kschema-fs-api-gen-actions",
      "version": "1.7.13",
      "dependencies": {
        "@keshavsoft/kschema": "^1.17.8",
        "@keshavsoft/kschema-api-check": "^1.12.3",
        "express-fix-any-js": "^1.2.3",
        "express-fix-endpoints-js": "^1.11.3"
      },
      "bin": {
        "kschema-fs-api-gen-actions": "bin/cli.js"
      }
    },
    "node_modules/@keshavsoft/kschema": {
      "version": "1.17.10",
      "resolved": "https://registry.npmjs.org/@keshavsoft/kschema/-/kschema-1.17.10.tgz",
      "integrity": "sha512-WondnA6gE54sNLjV2elufMsY9wyDLK+vWWOGD1tS3DM6nLhX3+iZtSWx1P7QMUech3ahWZM/ApzjRDTyF3Vh4A=="
    },
    "node_modules/@keshavsoft/kschema-api-check": {
      "version": "1.12.3",
      "resolved": "https://registry.npmjs.org/@keshavsoft/kschema-api-check/-/kschema-api-check-1.12.3.tgz",
      "integrity": "sha512-YCdiOiHFEKROkrufLJYlTENk+J7MLy/D7qoXRHSnXhu2Byu0N7aObH19L1g1p8TAMHNi14CIc3Tclj4UgN0v7A==",
      "bin": {
        "kschema-api-check": "bin/cli.js"
      }
    },
    "node_modules/express-fix-any-js": {
      "version": "1.3.3",
      "resolved": "https://registry.npmjs.org/express-fix-any-js/-/express-fix-any-js-1.3.3.tgz",
      "integrity": "sha512-ksi0kAa/WNYBTq/Xir5lyDXZitxrgpOeFjJPh28iEkE1dsUG7ITk95R45gm+up0G9XHEEE0jyG7Ab7mUvqP9tA==",
      "bin": {
        "express-fix-any-js": "bin/cli.js"
      }
    },
    "node_modules/express-fix-endpoints-js": {
      "version": "1.11.3",
      "resolved": "https://registry.npmjs.org/express-fix-endpoints-js/-/express-fix-endpoints-js-1.11.3.tgz",
      "integrity": "sha512-5BKhrZCKV2Ca/GnEzXAuhxXla5M0gP4YYtnat7yApjfN7VbeBBcJuRtH647J6fzxbyVb7HTm1Va8hmUnqMEJMQ==",
      "dependencies": {
        "express-fix-any-js": "^1.3.3"
      },
      "bin": {
        "express-fix-endpoints-js": "bin/cli.js"
      }
    }
  }
}
